<?xml version="1.0" encoding="UTF-8"?>
<CodeBlocks_project_file>
	<FileVersion major="1" minor="6"/>
	<Project>
		<Option title="Unknown development tool"/>
		<Option makefile_is_custom="1"/>
		<Option compiler="gcc"/>
		<Option virtualFolders="CMake Files\;CMake Files\tools\;CMake Files\tools\build\;CMake Files\tools\build\cmake-scripts\;CMake Files\..\;CMake Files\..\..\;CMake Files\..\..\..\;CMake Files\..\..\..\..\;CMake Files\..\..\..\..\..\;CMake Files\..\..\..\..\..\usr\;CMake Files\..\..\..\..\..\usr\lib64\;CMake Files\..\..\..\..\..\usr\lib64\cmake\;CMake Files\..\..\..\..\..\usr\lib64\cmake\Box2D\;"/>
		<Build>
			<Target title="all">
				<Option working_dir="/home/cub3d/Development/git/Unknown-1.0-CPP"/>
				<Option type="4"/>
				<MakeCommands>
					<Build command="/usr/bin/make -j4 -f &quot;/home/cub3d/Development/git/Unknown-1.0-CPP/Makefile&quot;  VERBOSE=1 all"/>
					<CompileFile command="/usr/bin/make -j4 -f &quot;/home/cub3d/Development/git/Unknown-1.0-CPP/Makefile&quot;  VERBOSE=1 &quot;$file&quot;"/>
					<Clean command="/usr/bin/make -j4 -f &quot;/home/cub3d/Development/git/Unknown-1.0-CPP/Makefile&quot;  VERBOSE=1 clean"/>
					<DistClean command="/usr/bin/make -j4 -f &quot;/home/cub3d/Development/git/Unknown-1.0-CPP/Makefile&quot;  VERBOSE=1 clean"/>
				</MakeCommands>
			</Target>
			<Target title="rebuild_cache">
				<Option working_dir="/home/cub3d/Development/git/Unknown-1.0-CPP"/>
				<Option type="4"/>
				<MakeCommands>
					<Build command="/usr/bin/make -j4 -f &quot;/home/cub3d/Development/git/Unknown-1.0-CPP/Makefile&quot;  VERBOSE=1 rebuild_cache"/>
					<CompileFile command="/usr/bin/make -j4 -f &quot;/home/cub3d/Development/git/Unknown-1.0-CPP/Makefile&quot;  VERBOSE=1 &quot;$file&quot;"/>
					<Clean command="/usr/bin/make -j4 -f &quot;/home/cub3d/Development/git/Unknown-1.0-CPP/Makefile&quot;  VERBOSE=1 clean"/>
					<DistClean command="/usr/bin/make -j4 -f &quot;/home/cub3d/Development/git/Unknown-1.0-CPP/Makefile&quot;  VERBOSE=1 clean"/>
				</MakeCommands>
			</Target>
			<Target title="edit_cache">
				<Option working_dir="/home/cub3d/Development/git/Unknown-1.0-CPP"/>
				<Option type="4"/>
				<MakeCommands>
					<Build command="/usr/bin/make -j4 -f &quot;/home/cub3d/Development/git/Unknown-1.0-CPP/Makefile&quot;  VERBOSE=1 edit_cache"/>
					<CompileFile command="/usr/bin/make -j4 -f &quot;/home/cub3d/Development/git/Unknown-1.0-CPP/Makefile&quot;  VERBOSE=1 &quot;$file&quot;"/>
					<Clean command="/usr/bin/make -j4 -f &quot;/home/cub3d/Development/git/Unknown-1.0-CPP/Makefile&quot;  VERBOSE=1 clean"/>
					<DistClean command="/usr/bin/make -j4 -f &quot;/home/cub3d/Development/git/Unknown-1.0-CPP/Makefile&quot;  VERBOSE=1 clean"/>
				</MakeCommands>
			</Target>
			<Target title="UK">
				<Option output="/home/cub3d/Development/git/Unknown-1.0-CPP/Output/lib/Linux/libUK.so" prefix_auto="0" extension_auto="0"/>
				<Option working_dir="/home/cub3d/Development/git/Unknown-1.0-CPP"/>
				<Option object_output="./"/>
				<Option type="3"/>
				<Option compiler="gcc"/>
				<Compiler>
					<Add directory="/home/cub3d/Development/git/Unknown-1.0-CPP/Libs/RapidJson/include/rapidjson"/>
					<Add directory="/usr/include/python3.7m"/>
					<Add directory="/usr/include/SDL2"/>
					<Add directory="/home/cub3d/Development/git/Unknown-1.0-CPP/Libs/Reflex"/>
					<Add directory="/usr/lib/gcc/x86_64-pc-linux-gnu/8.2.0/../../../../include/c++/8.2.0"/>
					<Add directory="/usr/lib/gcc/x86_64-pc-linux-gnu/8.2.0/../../../../include/c++/8.2.0/x86_64-pc-linux-gnu"/>
					<Add directory="/usr/lib/gcc/x86_64-pc-linux-gnu/8.2.0/../../../../include/c++/8.2.0/backward"/>
					<Add directory="/usr/lib/gcc/x86_64-pc-linux-gnu/8.2.0/include"/>
					<Add directory="/usr/local/include"/>
					<Add directory="/usr/lib/gcc/x86_64-pc-linux-gnu/8.2.0/include-fixed"/>
					<Add directory="/usr/include"/>
				</Compiler>
				<MakeCommands>
					<Build command="/usr/bin/make -j4 -f &quot;/home/cub3d/Development/git/Unknown-1.0-CPP/Makefile&quot;  VERBOSE=1 UK"/>
					<CompileFile command="/usr/bin/make -j4 -f &quot;/home/cub3d/Development/git/Unknown-1.0-CPP/Makefile&quot;  VERBOSE=1 &quot;$file&quot;"/>
					<Clean command="/usr/bin/make -j4 -f &quot;/home/cub3d/Development/git/Unknown-1.0-CPP/Makefile&quot;  VERBOSE=1 clean"/>
					<DistClean command="/usr/bin/make -j4 -f &quot;/home/cub3d/Development/git/Unknown-1.0-CPP/Makefile&quot;  VERBOSE=1 clean"/>
				</MakeCommands>
			</Target>
			<Target title="UK/fast">
				<Option output="/home/cub3d/Development/git/Unknown-1.0-CPP/Output/lib/Linux/libUK.so" prefix_auto="0" extension_auto="0"/>
				<Option working_dir="/home/cub3d/Development/git/Unknown-1.0-CPP"/>
				<Option object_output="./"/>
				<Option type="3"/>
				<Option compiler="gcc"/>
				<Compiler>
					<Add directory="/home/cub3d/Development/git/Unknown-1.0-CPP/Libs/RapidJson/include/rapidjson"/>
					<Add directory="/usr/include/python3.7m"/>
					<Add directory="/usr/include/SDL2"/>
					<Add directory="/home/cub3d/Development/git/Unknown-1.0-CPP/Libs/Reflex"/>
					<Add directory="/usr/lib/gcc/x86_64-pc-linux-gnu/8.2.0/../../../../include/c++/8.2.0"/>
					<Add directory="/usr/lib/gcc/x86_64-pc-linux-gnu/8.2.0/../../../../include/c++/8.2.0/x86_64-pc-linux-gnu"/>
					<Add directory="/usr/lib/gcc/x86_64-pc-linux-gnu/8.2.0/../../../../include/c++/8.2.0/backward"/>
					<Add directory="/usr/lib/gcc/x86_64-pc-linux-gnu/8.2.0/include"/>
					<Add directory="/usr/local/include"/>
					<Add directory="/usr/lib/gcc/x86_64-pc-linux-gnu/8.2.0/include-fixed"/>
					<Add directory="/usr/include"/>
				</Compiler>
				<MakeCommands>
					<Build command="/usr/bin/make -j4 -f &quot;/home/cub3d/Development/git/Unknown-1.0-CPP/Makefile&quot;  VERBOSE=1 UK/fast"/>
					<CompileFile command="/usr/bin/make -j4 -f &quot;/home/cub3d/Development/git/Unknown-1.0-CPP/Makefile&quot;  VERBOSE=1 &quot;$file&quot;"/>
					<Clean command="/usr/bin/make -j4 -f &quot;/home/cub3d/Development/git/Unknown-1.0-CPP/Makefile&quot;  VERBOSE=1 clean"/>
					<DistClean command="/usr/bin/make -j4 -f &quot;/home/cub3d/Development/git/Unknown-1.0-CPP/Makefile&quot;  VERBOSE=1 clean"/>
				</MakeCommands>
			</Target>
			<Target title="UKTest">
				<Option output="/home/cub3d/Development/git/Unknown-1.0-CPP/UKTest" prefix_auto="0" extension_auto="0"/>
				<Option working_dir="/home/cub3d/Development/git/Unknown-1.0-CPP"/>
				<Option object_output="./"/>
				<Option type="1"/>
				<Option compiler="gcc"/>
				<Compiler>
					<Add directory="/home/cub3d/Development/git/Unknown-1.0-CPP/Unknown 1.0++"/>
					<Add directory="/home/cub3d/Development/git/Unknown-1.0-CPP/Libs/RapidJson/include/rapidjson"/>
					<Add directory="/usr/include/python3.7m"/>
					<Add directory="/usr/include/SDL2"/>
					<Add directory="/home/cub3d/Development/git/Unknown-1.0-CPP/Libs/Reflex"/>
					<Add directory="/usr/lib/gcc/x86_64-pc-linux-gnu/8.2.0/../../../../include/c++/8.2.0"/>
					<Add directory="/usr/lib/gcc/x86_64-pc-linux-gnu/8.2.0/../../../../include/c++/8.2.0/x86_64-pc-linux-gnu"/>
					<Add directory="/usr/lib/gcc/x86_64-pc-linux-gnu/8.2.0/../../../../include/c++/8.2.0/backward"/>
					<Add directory="/usr/lib/gcc/x86_64-pc-linux-gnu/8.2.0/include"/>
					<Add directory="/usr/local/include"/>
					<Add directory="/usr/lib/gcc/x86_64-pc-linux-gnu/8.2.0/include-fixed"/>
					<Add directory="/usr/include"/>
				</Compiler>
				<MakeCommands>
					<Build command="/usr/bin/make -j4 -f &quot;/home/cub3d/Development/git/Unknown-1.0-CPP/Makefile&quot;  VERBOSE=1 UKTest"/>
					<CompileFile command="/usr/bin/make -j4 -f &quot;/home/cub3d/Development/git/Unknown-1.0-CPP/Makefile&quot;  VERBOSE=1 &quot;$file&quot;"/>
					<Clean command="/usr/bin/make -j4 -f &quot;/home/cub3d/Development/git/Unknown-1.0-CPP/Makefile&quot;  VERBOSE=1 clean"/>
					<DistClean command="/usr/bin/make -j4 -f &quot;/home/cub3d/Development/git/Unknown-1.0-CPP/Makefile&quot;  VERBOSE=1 clean"/>
				</MakeCommands>
			</Target>
			<Target title="UKTest/fast">
				<Option output="/home/cub3d/Development/git/Unknown-1.0-CPP/UKTest" prefix_auto="0" extension_auto="0"/>
				<Option working_dir="/home/cub3d/Development/git/Unknown-1.0-CPP"/>
				<Option object_output="./"/>
				<Option type="1"/>
				<Option compiler="gcc"/>
				<Compiler>
					<Add directory="/home/cub3d/Development/git/Unknown-1.0-CPP/Unknown 1.0++"/>
					<Add directory="/home/cub3d/Development/git/Unknown-1.0-CPP/Libs/RapidJson/include/rapidjson"/>
					<Add directory="/usr/include/python3.7m"/>
					<Add directory="/usr/include/SDL2"/>
					<Add directory="/home/cub3d/Development/git/Unknown-1.0-CPP/Libs/Reflex"/>
					<Add directory="/usr/lib/gcc/x86_64-pc-linux-gnu/8.2.0/../../../../include/c++/8.2.0"/>
					<Add directory="/usr/lib/gcc/x86_64-pc-linux-gnu/8.2.0/../../../../include/c++/8.2.0/x86_64-pc-linux-gnu"/>
					<Add directory="/usr/lib/gcc/x86_64-pc-linux-gnu/8.2.0/../../../../include/c++/8.2.0/backward"/>
					<Add directory="/usr/lib/gcc/x86_64-pc-linux-gnu/8.2.0/include"/>
					<Add directory="/usr/local/include"/>
					<Add directory="/usr/lib/gcc/x86_64-pc-linux-gnu/8.2.0/include-fixed"/>
					<Add directory="/usr/include"/>
				</Compiler>
				<MakeCommands>
					<Build command="/usr/bin/make -j4 -f &quot;/home/cub3d/Development/git/Unknown-1.0-CPP/Makefile&quot;  VERBOSE=1 UKTest/fast"/>
					<CompileFile command="/usr/bin/make -j4 -f &quot;/home/cub3d/Development/git/Unknown-1.0-CPP/Makefile&quot;  VERBOSE=1 &quot;$file&quot;"/>
					<Clean command="/usr/bin/make -j4 -f &quot;/home/cub3d/Development/git/Unknown-1.0-CPP/Makefile&quot;  VERBOSE=1 clean"/>
					<DistClean command="/usr/bin/make -j4 -f &quot;/home/cub3d/Development/git/Unknown-1.0-CPP/Makefile&quot;  VERBOSE=1 clean"/>
				</MakeCommands>
			</Target>
		</Build>
		<Unit filename="/home/cub3d/Development/git/Unknown-1.0-CPP/Unknown 1.0++/Animation.cpp">
			<Option target="UK"/>
		</Unit>
		<Unit filename="/home/cub3d/Development/git/Unknown-1.0-CPP/Unknown 1.0++/Animation.h">
			<Option target="UK"/>
		</Unit>
		<Unit filename="/home/cub3d/Development/git/Unknown-1.0-CPP/Unknown 1.0++/Audio/Sound.cpp">
			<Option target="UK"/>
		</Unit>
		<Unit filename="/home/cub3d/Development/git/Unknown-1.0-CPP/Unknown 1.0++/Audio/Sound.h">
			<Option target="UK"/>
		</Unit>
		<Unit filename="/home/cub3d/Development/git/Unknown-1.0-CPP/Unknown 1.0++/Audio/WAVSound.cpp">
			<Option target="UK"/>
		</Unit>
		<Unit filename="/home/cub3d/Development/git/Unknown-1.0-CPP/Unknown 1.0++/Audio/WAVSound.h">
			<Option target="UK"/>
		</Unit>
		<Unit filename="/home/cub3d/Development/git/Unknown-1.0-CPP/Unknown 1.0++/Colour.cpp">
			<Option target="UK"/>
		</Unit>
		<Unit filename="/home/cub3d/Development/git/Unknown-1.0-CPP/Unknown 1.0++/Colour.h">
			<Option target="UK"/>
		</Unit>
		<Unit filename="/home/cub3d/Development/git/Unknown-1.0-CPP/Unknown 1.0++/Entity/BasicRenderComponent.cpp">
			<Option target="UK"/>
		</Unit>
		<Unit filename="/home/cub3d/Development/git/Unknown-1.0-CPP/Unknown 1.0++/Entity/BasicRenderComponent.h">
			<Option target="UK"/>
		</Unit>
		<Unit filename="/home/cub3d/Development/git/Unknown-1.0-CPP/Unknown 1.0++/Entity/Component.cpp">
			<Option target="UK"/>
		</Unit>
		<Unit filename="/home/cub3d/Development/git/Unknown-1.0-CPP/Unknown 1.0++/Entity/Component.h">
			<Option target="UK"/>
		</Unit>
		<Unit filename="/home/cub3d/Development/git/Unknown-1.0-CPP/Unknown 1.0++/Entity/Entity.cpp">
			<Option target="UK"/>
		</Unit>
		<Unit filename="/home/cub3d/Development/git/Unknown-1.0-CPP/Unknown 1.0++/Entity/Entity.h">
			<Option target="UK"/>
		</Unit>
		<Unit filename="/home/cub3d/Development/git/Unknown-1.0-CPP/Unknown 1.0++/Entity/ImageRenderComponent.cpp">
			<Option target="UK"/>
		</Unit>
		<Unit filename="/home/cub3d/Development/git/Unknown-1.0-CPP/Unknown 1.0++/Entity/ImageRenderComponent.h">
			<Option target="UK"/>
		</Unit>
		<Unit filename="/home/cub3d/Development/git/Unknown-1.0-CPP/Unknown 1.0++/Entity/PhysicsBodyComponent.cpp">
			<Option target="UK"/>
		</Unit>
		<Unit filename="/home/cub3d/Development/git/Unknown-1.0-CPP/Unknown 1.0++/Entity/PhysicsBodyComponent.h">
			<Option target="UK"/>
		</Unit>
		<Unit filename="/home/cub3d/Development/git/Unknown-1.0-CPP/Unknown 1.0++/Entity/TimerComponent.cpp">
			<Option target="UK"/>
		</Unit>
		<Unit filename="/home/cub3d/Development/git/Unknown-1.0-CPP/Unknown 1.0++/Entity/TimerComponent.h">
			<Option target="UK"/>
		</Unit>
		<Unit filename="/home/cub3d/Development/git/Unknown-1.0-CPP/Unknown 1.0++/Event/Event.cpp">
			<Option target="UK"/>
		</Unit>
		<Unit filename="/home/cub3d/Development/git/Unknown-1.0-CPP/Unknown 1.0++/Event/Event.h">
			<Option target="UK"/>
		</Unit>
		<Unit filename="/home/cub3d/Development/git/Unknown-1.0-CPP/Unknown 1.0++/Event/EventManager.cpp">
			<Option target="UK"/>
		</Unit>
		<Unit filename="/home/cub3d/Development/git/Unknown-1.0-CPP/Unknown 1.0++/Event/EventManager.h">
			<Option target="UK"/>
		</Unit>
		<Unit filename="/home/cub3d/Development/git/Unknown-1.0-CPP/Unknown 1.0++/Event/ItterativeEventHandler.cpp">
			<Option target="UK"/>
		</Unit>
		<Unit filename="/home/cub3d/Development/git/Unknown-1.0-CPP/Unknown 1.0++/Event/ItterativeEventHandler.h">
			<Option target="UK"/>
		</Unit>
		<Unit filename="/home/cub3d/Development/git/Unknown-1.0-CPP/Unknown 1.0++/Font.cpp">
			<Option target="UK"/>
		</Unit>
		<Unit filename="/home/cub3d/Development/git/Unknown-1.0-CPP/Unknown 1.0++/Font.h">
			<Option target="UK"/>
		</Unit>
		<Unit filename="/home/cub3d/Development/git/Unknown-1.0-CPP/Unknown 1.0++/ITagable.cpp">
			<Option target="UK"/>
		</Unit>
		<Unit filename="/home/cub3d/Development/git/Unknown-1.0-CPP/Unknown 1.0++/ITagable.h">
			<Option target="UK"/>
		</Unit>
		<Unit filename="/home/cub3d/Development/git/Unknown-1.0-CPP/Unknown 1.0++/IUpdateable.cpp">
			<Option target="UK"/>
		</Unit>
		<Unit filename="/home/cub3d/Development/git/Unknown-1.0-CPP/Unknown 1.0++/IUpdateable.h">
			<Option target="UK"/>
		</Unit>
		<Unit filename="/home/cub3d/Development/git/Unknown-1.0-CPP/Unknown 1.0++/Image.cpp">
			<Option target="UK"/>
		</Unit>
		<Unit filename="/home/cub3d/Development/git/Unknown-1.0-CPP/Unknown 1.0++/Image.h">
			<Option target="UK"/>
		</Unit>
		<Unit filename="/home/cub3d/Development/git/Unknown-1.0-CPP/Unknown 1.0++/Input.cpp">
			<Option target="UK"/>
		</Unit>
		<Unit filename="/home/cub3d/Development/git/Unknown-1.0-CPP/Unknown 1.0++/Input.h">
			<Option target="UK"/>
		</Unit>
		<Unit filename="/home/cub3d/Development/git/Unknown-1.0-CPP/Unknown 1.0++/KeyBind.cpp">
			<Option target="UK"/>
		</Unit>
		<Unit filename="/home/cub3d/Development/git/Unknown-1.0-CPP/Unknown 1.0++/KeyBind.h">
			<Option target="UK"/>
		</Unit>
		<Unit filename="/home/cub3d/Development/git/Unknown-1.0-CPP/Unknown 1.0++/Loader.cpp">
			<Option target="UK"/>
		</Unit>
		<Unit filename="/home/cub3d/Development/git/Unknown-1.0-CPP/Unknown 1.0++/Loader.h">
			<Option target="UK"/>
		</Unit>
		<Unit filename="/home/cub3d/Development/git/Unknown-1.0-CPP/Unknown 1.0++/Log.cpp">
			<Option target="UK"/>
		</Unit>
		<Unit filename="/home/cub3d/Development/git/Unknown-1.0-CPP/Unknown 1.0++/Log.h">
			<Option target="UK"/>
		</Unit>
		<Unit filename="/home/cub3d/Development/git/Unknown-1.0-CPP/Unknown 1.0++/Map.cpp">
			<Option target="UK"/>
		</Unit>
		<Unit filename="/home/cub3d/Development/git/Unknown-1.0-CPP/Unknown 1.0++/Map.h">
			<Option target="UK"/>
		</Unit>
		<Unit filename="/home/cub3d/Development/git/Unknown-1.0-CPP/Unknown 1.0++/Map/BasicMapGenerator.cpp">
			<Option target="UK"/>
		</Unit>
		<Unit filename="/home/cub3d/Development/git/Unknown-1.0-CPP/Unknown 1.0++/Map/BasicMapGenerator.h">
			<Option target="UK"/>
		</Unit>
		<Unit filename="/home/cub3d/Development/git/Unknown-1.0-CPP/Unknown 1.0++/Map/BinaryMapGenerator.cpp">
			<Option target="UK"/>
		</Unit>
		<Unit filename="/home/cub3d/Development/git/Unknown-1.0-CPP/Unknown 1.0++/Map/BinaryMapGenerator.h">
			<Option target="UK"/>
		</Unit>
		<Unit filename="/home/cub3d/Development/git/Unknown-1.0-CPP/Unknown 1.0++/Particle.cpp">
			<Option target="UK"/>
		</Unit>
		<Unit filename="/home/cub3d/Development/git/Unknown-1.0-CPP/Unknown 1.0++/Particle.h">
			<Option target="UK"/>
		</Unit>
		<Unit filename="/home/cub3d/Development/git/Unknown-1.0-CPP/Unknown 1.0++/PythonScript.cpp">
			<Option target="UK"/>
		</Unit>
		<Unit filename="/home/cub3d/Development/git/Unknown-1.0-CPP/Unknown 1.0++/PythonScript.h">
			<Option target="UK"/>
		</Unit>
		<Unit filename="/home/cub3d/Development/git/Unknown-1.0-CPP/Unknown 1.0++/Renderer/BasicTileMapRenderer.cpp">
			<Option target="UK"/>
		</Unit>
		<Unit filename="/home/cub3d/Development/git/Unknown-1.0-CPP/Unknown 1.0++/Renderer/BasicTileMapRenderer.h">
			<Option target="UK"/>
		</Unit>
		<Unit filename="/home/cub3d/Development/git/Unknown-1.0-CPP/Unknown 1.0++/Renderer/Camera.cpp">
			<Option target="UK"/>
		</Unit>
		<Unit filename="/home/cub3d/Development/git/Unknown-1.0-CPP/Unknown 1.0++/Renderer/Camera.h">
			<Option target="UK"/>
		</Unit>
		<Unit filename="/home/cub3d/Development/git/Unknown-1.0-CPP/Unknown 1.0++/Renderer/ImageDirectoryTileMapRenderer.cpp">
			<Option target="UK"/>
		</Unit>
		<Unit filename="/home/cub3d/Development/git/Unknown-1.0-CPP/Unknown 1.0++/Renderer/ImageDirectoryTileMapRenderer.h">
			<Option target="UK"/>
		</Unit>
		<Unit filename="/home/cub3d/Development/git/Unknown-1.0-CPP/Unknown 1.0++/Scene/CollisionManager.cpp">
			<Option target="UK"/>
		</Unit>
		<Unit filename="/home/cub3d/Development/git/Unknown-1.0-CPP/Unknown 1.0++/Scene/CollisionManager.h">
			<Option target="UK"/>
		</Unit>
		<Unit filename="/home/cub3d/Development/git/Unknown-1.0-CPP/Unknown 1.0++/Scene/DebugScene.cpp">
			<Option target="UK"/>
		</Unit>
		<Unit filename="/home/cub3d/Development/git/Unknown-1.0-CPP/Unknown 1.0++/Scene/DebugScene.h">
			<Option target="UK"/>
		</Unit>
		<Unit filename="/home/cub3d/Development/git/Unknown-1.0-CPP/Unknown 1.0++/Scene/Scene.cpp">
			<Option target="UK"/>
		</Unit>
		<Unit filename="/home/cub3d/Development/git/Unknown-1.0-CPP/Unknown 1.0++/Scene/Scene.h">
			<Option target="UK"/>
		</Unit>
		<Unit filename="/home/cub3d/Development/git/Unknown-1.0-CPP/Unknown 1.0++/Scene/SceneManager.cpp">
			<Option target="UK"/>
		</Unit>
		<Unit filename="/home/cub3d/Development/git/Unknown-1.0-CPP/Unknown 1.0++/Scene/SceneManager.h">
			<Option target="UK"/>
		</Unit>
		<Unit filename="/home/cub3d/Development/git/Unknown-1.0-CPP/Unknown 1.0++/SharedVariable.cpp">
			<Option target="UK"/>
		</Unit>
		<Unit filename="/home/cub3d/Development/git/Unknown-1.0-CPP/Unknown 1.0++/SharedVariable.h">
			<Option target="UK"/>
		</Unit>
		<Unit filename="/home/cub3d/Development/git/Unknown-1.0-CPP/Unknown 1.0++/Sprite.cpp">
			<Option target="UK"/>
		</Unit>
		<Unit filename="/home/cub3d/Development/git/Unknown-1.0-CPP/Unknown 1.0++/Sprite.h">
			<Option target="UK"/>
		</Unit>
		<Unit filename="/home/cub3d/Development/git/Unknown-1.0-CPP/Unknown 1.0++/Timer.cpp">
			<Option target="UK"/>
		</Unit>
		<Unit filename="/home/cub3d/Development/git/Unknown-1.0-CPP/Unknown 1.0++/Timer.h">
			<Option target="UK"/>
		</Unit>
		<Unit filename="/home/cub3d/Development/git/Unknown-1.0-CPP/Unknown 1.0++/UI.cpp">
			<Option target="UK"/>
		</Unit>
		<Unit filename="/home/cub3d/Development/git/Unknown-1.0-CPP/Unknown 1.0++/UI.h">
			<Option target="UK"/>
		</Unit>
		<Unit filename="/home/cub3d/Development/git/Unknown-1.0-CPP/Unknown 1.0++/UI2D.cpp">
			<Option target="UK"/>
		</Unit>
		<Unit filename="/home/cub3d/Development/git/Unknown-1.0-CPP/Unknown 1.0++/UI2D.h">
			<Option target="UK"/>
		</Unit>
		<Unit filename="/home/cub3d/Development/git/Unknown-1.0-CPP/Unknown 1.0++/Unknown.cpp">
			<Option target="UK"/>
		</Unit>
		<Unit filename="/home/cub3d/Development/git/Unknown-1.0-CPP/Unknown 1.0++/Unknown.h">
			<Option target="UK"/>
		</Unit>
		<Unit filename="/home/cub3d/Development/git/Unknown-1.0-CPP/Unknown 1.0++/Utils.cpp">
			<Option target="UK"/>
		</Unit>
		<Unit filename="/home/cub3d/Development/git/Unknown-1.0-CPP/Unknown 1.0++/Utils.h">
			<Option target="UK"/>
		</Unit>
		<Unit filename="/home/cub3d/Development/git/Unknown-1.0-CPP/Unknown 1.0++/Vector.cpp">
			<Option target="UK"/>
		</Unit>
		<Unit filename="/home/cub3d/Development/git/Unknown-1.0-CPP/Unknown 1.0++/Vector.h">
			<Option target="UK"/>
		</Unit>
		<Unit filename="/home/cub3d/Development/git/Unknown-1.0-CPP/Unknown 1.0++/stdafx.cpp">
			<Option target="UK"/>
		</Unit>
		<Unit filename="/home/cub3d/Development/git/Unknown-1.0-CPP/Unknown 1.0++/stdafx.h">
			<Option target="UK"/>
		</Unit>
		<Unit filename="/home/cub3d/Development/git/Unknown-1.0-CPP/Unknown Test/PhysicsTestScene.cpp">
			<Option target="UKTest"/>
		</Unit>
		<Unit filename="/home/cub3d/Development/git/Unknown-1.0-CPP/Unknown Test/PhysicsTestScene.h">
			<Option target="UKTest"/>
		</Unit>
		<Unit filename="/home/cub3d/Development/git/Unknown-1.0-CPP/Unknown Test/UnknownTest.cpp">
			<Option target="UKTest"/>
		</Unit>
		<Unit filename="/home/cub3d/Development/git/Unknown-1.0-CPP/Unknown Test/stdafx.cpp">
			<Option target="UKTest"/>
		</Unit>
		<Unit filename="/home/cub3d/Development/git/Unknown-1.0-CPP/Unknown Test/stdafx.h">
			<Option target="UKTest"/>
		</Unit>
		<Unit filename="/home/cub3d/Development/git/Unknown-1.0-CPP/CMakeLists.txt">
			<Option virtualFolder="CMake Files\"/>
		</Unit>
		<Unit filename="/home/cub3d/Development/git/Unknown-1.0-CPP/tools/build/cmake-scripts/FindPy3.cmake">
			<Option virtualFolder="CMake Files\tools\build\cmake-scripts\"/>
		</Unit>
		<Unit filename="/home/cub3d/Development/git/Unknown-1.0-CPP/tools/build/cmake-scripts/FindSDL2.cmake">
			<Option virtualFolder="CMake Files\tools\build\cmake-scripts\"/>
		</Unit>
		<Unit filename="/home/cub3d/Development/git/Unknown-1.0-CPP/tools/build/cmake-scripts/FindSDL2_image.cmake">
			<Option virtualFolder="CMake Files\tools\build\cmake-scripts\"/>
		</Unit>
		<Unit filename="/home/cub3d/Development/git/Unknown-1.0-CPP/tools/build/cmake-scripts/FindSDL2_mixer.cmake">
			<Option virtualFolder="CMake Files\tools\build\cmake-scripts\"/>
		</Unit>
		<Unit filename="/home/cub3d/Development/git/Unknown-1.0-CPP/tools/build/cmake-scripts/FindSDL2_ttf.cmake">
			<Option virtualFolder="CMake Files\tools\build\cmake-scripts\"/>
		</Unit>
		<Unit filename="/home/cub3d/Development/git/Unknown-1.0-CPP/../../../../../usr/lib64/cmake/Box2D/Box2DConfig.cmake">
			<Option virtualFolder="CMake Files\..\..\..\..\..\usr\lib64\cmake\Box2D\"/>
		</Unit>
	</Project>
</CodeBlocks_project_file>
